{
  "name": "lectionary-bible-reference-extractor",
  "version": "1.0.0",
  "lockfileVersion": 3,
  "requires": true,
  "packages": {
    "": {
      "name": "lectionary-bible-reference-extractor",
      "version": "1.0.0",
      "dependencies": {
        "@romcal/calendar.general-roman": "^3.0.0-dev.98",
        "@romcal/calendar.united-states": "^3.0.0-dev.98",
        "bible-passage-reference-parser": "github:openbibleinfo/Bible-Passage-Reference-Parser",
        "csv-parse": "^5.6.0",
        "romcal": "^3.0.0-dev.98"
      }
    },
    "node_modules/@babel/runtime": {
      "version": "7.27.0",
      "resolved": "https://registry.npmjs.org/@babel/runtime/-/runtime-7.27.0.tgz",
      "integrity": "sha512-VtPOkrdPHZsKc/clNqyi9WUA8TINkZ4cGk63UUE3u4pmB2k+ZMQRDuIOagv8UVd6j7k0T3+RRIb7beKTebNbcw==",
      "license": "MIT",
      "dependencies": {
        "regenerator-runtime": "^0.14.0"
      },
      "engines": {
        "node": ">=6.9.0"
      }
    },
    "node_modules/@romcal/calendar.general-roman": {
      "version": "3.0.0-dev.98",
      "resolved": "https://registry.npmjs.org/@romcal/calendar.general-roman/-/calendar.general-roman-3.0.0-dev.98.tgz",
      "integrity": "sha512-XoCqHMz8mSAry3Ywc1f6wGHsF8cu7ZVNlviUMZMP9fUrHU9zoSoOIF2dNrq9etPM7OxCMa5ECHPV3JCgOqzTHw==",
      "license": "MIT",
      "engines": {
        "node": ">=18.0.0"
      },
      "peerDependencies": {
        "romcal": "3.0.0-dev.98"
      }
    },
    "node_modules/@romcal/calendar.united-states": {
      "version": "3.0.0-dev.98",
      "resolved": "https://registry.npmjs.org/@romcal/calendar.united-states/-/calendar.united-states-3.0.0-dev.98.tgz",
      "integrity": "sha512-PKOmzguL5UllodZ+Z6oqjC2F/RBmMRvM1zF04qkcYAryNwjCPIxR9gDj3l1mi0iutNSO4SGm6dPdMINjFkWbcg==",
      "license": "MIT",
      "engines": {
        "node": ">=18.0.0"
      },
      "peerDependencies": {
        "romcal": "3.0.0-dev.98"
      }
    },
    "node_modules/bible-passage-reference-parser": {
      "version": "3.0.0",
      "resolved": "git+ssh://git@github.com/openbibleinfo/Bible-Passage-Reference-Parser.git#0c4c3d7e098c8fe4286462904c5fde22f21a5b80",
      "license": "MIT"
    },
    "node_modules/csv-parse": {
      "version": "5.6.0",
      "resolved": "https://registry.npmjs.org/csv-parse/-/csv-parse-5.6.0.tgz",
      "integrity": "sha512-l3nz3euub2QMg5ouu5U09Ew9Wf6/wQ8I++ch1loQ0ljmzhmfZYrH9fflS22i/PQEvsPvxCwxgz5q7UB8K1JO4Q==",
      "license": "MIT"
    },
    "node_modules/i18next": {
      "version": "24.2.3",
      "resolved": "https://registry.npmjs.org/i18next/-/i18next-24.2.3.tgz",
      "integrity": "sha512-lfbf80OzkocvX7nmZtu7nSTNbrTYR52sLWxPtlXX1zAhVw8WEnFk4puUkCR4B1dNQwbSpEHHHemcZu//7EcB7A==",
      "funding": [
        {
          "type": "individual",
          "url": "https://locize.com"
        },
        {
          "type": "individual",
          "url": "https://locize.com/i18next.html"
        },
        {
          "type": "individual",
          "url": "https://www.i18next.com/how-to/faq#i18next-is-awesome.-how-can-i-support-the-project"
        }
      ],
      "license": "MIT",
      "dependencies": {
        "@babel/runtime": "^7.26.10"
      },
      "peerDependencies": {
        "typescript": "^5"
      },
      "peerDependenciesMeta": {
        "typescript": {
          "optional": true
        }
      }
    },
    "node_modules/regenerator-runtime": {
      "version": "0.14.1",
      "resolved": "https://registry.npmjs.org/regenerator-runtime/-/regenerator-runtime-0.14.1.tgz",
      "integrity": "sha512-dYnhHh0nJoMfnkZs6GmmhFknAGRrLznOu5nc9ML+EJxGvrx6H7teuevqVqCuPcPK//3eDrrjQhehXVx9cnkGdw==",
      "license": "MIT"
    },
    "node_modules/romcal": {
      "version": "3.0.0-dev.98",
      "resolved": "https://registry.npmjs.org/romcal/-/romcal-3.0.0-dev.98.tgz",
      "integrity": "sha512-37KJDi3nahn6HbfWeE6i9KtG5p8lo7WXhYu986HrwPAboXC6HN7oZMP61K9KUbT8elxUaWQ5BbqBvOuvIaECEw==",
      "license": "MIT",
      "workspaces": [
        "rites/*",
        "packages/*"
      ],
      "dependencies": {
        "i18next": "^24.2.3"
      },
      "engines": {
        "node": ">=18.0.0"
      }
    }
  }
}
